{
	"name": "sad24-ims-system",
	"version": "0.0.0",
	"lockfileVersion": 2,
	"requires": true,
	"packages": {
		"": {
			"name": "sad24-ims-system",
			"version": "0.0.0",
			"dependencies": {
				"concurrency": "^0.1.4"
			},
			"devDependencies": {
				"typescript": "^4.9.5"
			}
		},
		"node_modules/concurrency": {
			"version": "0.1.4",
			"resolved": "https://registry.npmjs.org/concurrency/-/concurrency-0.1.4.tgz",
			"integrity": "sha512-uwS/Z8zsvOUnIfTiMM5kV5N5JnsrR1fpt5thlg723jELkoORXmFs+BJHOaCn9OTGpCVkfG3vqiLGBPHiBXxKaA=="
		},
		"node_modules/typescript": {
			"version": "4.9.5",
			"resolved": "https://registry.npmjs.org/typescript/-/typescript-4.9.5.tgz",
			"integrity": "sha512-1FXk9E2Hm+QzZQ7z+McJiHL4NW1F2EzMu9Nq9i3zAaGqibafqYwCVU6WyWAuyQRRzOlxou8xZSyXLEN8oKj24g==",
			"dev": true,
			"bin": {
				"tsc": "bin/tsc",
				"tsserver": "bin/tsserver"
			},
			"engines": {
				"node": ">=4.2.0"
			}
		}
	},
	"dependencies": {
		"concurrency": {
			"version": "0.1.4",
			"resolved": "https://registry.npmjs.org/concurrency/-/concurrency-0.1.4.tgz",
			"integrity": "sha512-uwS/Z8zsvOUnIfTiMM5kV5N5JnsrR1fpt5thlg723jELkoORXmFs+BJHOaCn9OTGpCVkfG3vqiLGBPHiBXxKaA=="
		},
		"typescript": {
			"version": "4.9.5",
			"resolved": "https://registry.npmjs.org/typescript/-/typescript-4.9.5.tgz",
			"integrity": "sha512-1FXk9E2Hm+QzZQ7z+McJiHL4NW1F2EzMu9Nq9i3zAaGqibafqYwCVU6WyWAuyQRRzOlxou8xZSyXLEN8oKj24g==",
			"dev": true
		}
	}
}
